{
  "name": "preppergpt",
  "version": "0.1.3",
  "lockfileVersion": 3,
  "requires": true,
  "packages": {
    "": {
      "name": "preppergpt",
      "version": "0.1.3",
      "license": "MIT",
      "bin": {
        "preppergpt": "bin/preppergpt.js"
      },
      "engines": {
        "node": ">=20"
      }
    }
  }
}
